{
  "requires": true,
  "lockfileVersion": 1,
  "dependencies": {
    "markdown-it-table-of-contents": {
      "version": "0.6.0",
      "resolved": "https://registry.npmjs.org/markdown-it-table-of-contents/-/markdown-it-table-of-contents-0.6.0.tgz",
      "integrity": "sha512-jHvEjZVEibyW97zEYg19mZCIXO16lHbvRaPDkEuOfMPBmzlI7cYczMZLMfUvwkhdOVQpIxu3gx6mgaw46KsNsQ=="
    }
  }
}
